{
    "name": "br.com.innovatesoft.biblianvi",
    "version": "1.0.0",
    "lockfileVersion": 1,
    "requires": true,
    "dependencies": {
        "colors": {
            "version": "1.4.0",
            "resolved": "https://registry.npmjs.org/colors/-/colors-1.4.0.tgz",
            "integrity": "sha512-a+UqTh4kgZg/SlGvfbzDHpgRu7AAQOmmqRHJnxhRZICKFUT91brVhNNt58CMWU9PsBbv3PDCZUHbVxuDiH2mtA=="
        },
        "cordova-admob-sdk": {
            "version": "0.24.1",
            "resolved": "https://registry.npmjs.org/cordova-admob-sdk/-/cordova-admob-sdk-0.24.1.tgz",
            "integrity": "sha512-gz9h9E/opydsq3nCB2vL40Miy7KG7gcmhkvY1WqiHb015PpaLr50pgmUNBKCTW3/J6Vn+xNcCHPRiJIZLUMX9Q=="
        },
        "cordova-android": {
            "version": "7.0.0",
            "resolved": "https://registry.npmjs.org/cordova-android/-/cordova-android-7.0.0.tgz",
            "integrity": "sha1-yVvt/PvDhjsYDE0p7/7E95Nh0Z0=",
            "requires": {
                "android-versions": "^1.2.1",
                "cordova-common": "^2.2.0",
                "elementtree": "0.1.6",
                "nopt": "^3.0.1",
                "properties-parser": "^0.2.3",
                "q": "^1.4.1",
                "shelljs": "^0.5.3"
            },
            "dependencies": {
                "abbrev": {
                    "version": "1.1.1",
                    "bundled": true
                },
                "android-versions": {
                    "version": "1.2.1",
                    "bundled": true
                },
                "ansi": {
                    "version": "0.3.1",
                    "bundled": true
                },
                "balanced-match": {
                    "version": "1.0.0",
                    "bundled": true
                },
                "base64-js": {
                    "version": "0.0.8",
                    "bundled": true
                },
                "big-integer": {
                    "version": "1.6.26",
                    "bundled": true
                },
                "bplist-parser": {
                    "version": "0.1.1",
                    "bundled": true,
                    "requires": {
                        "big-integer": "^1.6.7"
                    }
                },
                "brace-expansion": {
                    "version": "1.1.8",
                    "bundled": true,
                    "requires": {
                        "balanced-match": "^1.0.0",
                        "concat-map": "0.0.1"
                    }
                },
                "concat-map": {
                    "version": "0.0.1",
                    "bundled": true
                },
                "cordova-common": {
                    "version": "2.2.0",
                    "bundled": true,
                    "requires": {
                        "ansi": "^0.3.1",
                        "bplist-parser": "^0.1.0",
                        "cordova-registry-mapper": "^1.1.8",
                        "elementtree": "0.1.6",
                        "glob": "^5.0.13",
                        "minimatch": "^3.0.0",
                        "osenv": "^0.1.3",
                        "plist": "^1.2.0",
                        "q": "^1.4.1",
                        "semver": "^5.0.1",
                        "shelljs": "^0.5.3",
                        "underscore": "^1.8.3",
                        "unorm": "^1.3.3"
                    }
                },
                "cordova-registry-mapper": {
                    "version": "1.1.15",
                    "bundled": true
                },
                "elementtree": {
                    "version": "0.1.6",
                    "bundled": true,
                    "requires": {
                        "sax": "0.3.5"
                    }
                },
                "glob": {
                    "version": "5.0.15",
                    "bundled": true,
                    "requires": {
                        "inflight": "^1.0.4",
                        "inherits": "2",
                        "minimatch": "2 || 3",
                        "once": "^1.3.0",
                        "path-is-absolute": "^1.0.0"
                    }
                },
                "inflight": {
                    "version": "1.0.6",
                    "bundled": true,
                    "requires": {
                        "once": "^1.3.0",
                        "wrappy": "1"
                    }
                },
                "inherits": {
                    "version": "2.0.3",
                    "bundled": true
                },
                "lodash": {
                    "version": "3.10.1",
                    "bundled": true
                },
                "minimatch": {
                    "version": "3.0.4",
                    "bundled": true,
                    "requires": {
                        "brace-expansion": "^1.1.7"
                    }
                },
                "nopt": {
                    "version": "3.0.6",
                    "bundled": true,
                    "requires": {
                        "abbrev": "1"
                    }
                },
                "once": {
                    "version": "1.4.0",
                    "bundled": true,
                    "requires": {
                        "wrappy": "1"
                    }
                },
                "os-homedir": {
                    "version": "1.0.2",
                    "bundled": true
                },
                "os-tmpdir": {
                    "version": "1.0.2",
                    "bundled": true
                },
                "osenv": {
                    "version": "0.1.4",
                    "bundled": true,
                    "requires": {
                        "os-homedir": "^1.0.0",
                        "os-tmpdir": "^1.0.0"
                    }
                },
                "path-is-absolute": {
                    "version": "1.0.1",
                    "bundled": true
                },
                "plist": {
                    "version": "1.2.0",
                    "bundled": true,
                    "requires": {
                        "base64-js": "0.0.8",
                        "util-deprecate": "1.0.2",
                        "xmlbuilder": "4.0.0",
                        "xmldom": "0.1.x"
                    }
                },
                "properties-parser": {
                    "version": "0.2.3",
                    "bundled": true
                },
                "q": {
                    "version": "1.5.1",
                    "bundled": true
                },
                "sax": {
                    "version": "0.3.5",
                    "bundled": true
                },
                "semver": {
                    "version": "5.4.1",
                    "bundled": true
                },
                "shelljs": {
                    "version": "0.5.3",
                    "bundled": true
                },
                "underscore": {
                    "version": "1.8.3",
                    "bundled": true
                },
                "unorm": {
                    "version": "1.4.1",
                    "bundled": true
                },
                "util-deprecate": {
                    "version": "1.0.2",
                    "bundled": true
                },
                "wrappy": {
                    "version": "1.0.2",
                    "bundled": true
                },
                "xmlbuilder": {
                    "version": "4.0.0",
                    "bundled": true,
                    "requires": {
                        "lodash": "^3.5.0"
                    }
                },
                "xmldom": {
                    "version": "0.1.27",
                    "bundled": true
                }
            }
        },
        "cordova-android-support-gradle-release": {
            "version": "3.0.1",
            "resolved": "https://registry.npmjs.org/cordova-android-support-gradle-release/-/cordova-android-support-gradle-release-3.0.1.tgz",
            "integrity": "sha512-RSW55DkSckmqhX/kjj+a1YeVdy7s/AtlZn6Qa5XMQmmA4Iogq+IF2jvInZqzCF19DbI5YE95AP7VDbRk+DdDRw==",
            "requires": {
                "q": "^1.4.1",
                "semver": "5.6.0"
            }
        },
        "cordova-clipboard": {
            "version": "1.3.0",
            "resolved": "https://registry.npmjs.org/cordova-clipboard/-/cordova-clipboard-1.3.0.tgz",
            "integrity": "sha512-IGk4LZm/DJ0Xk/jgakHm4wa+A/lrRP3QfzMAHDG7oWLJS4ISOpfI32Wez4ndnENItRslGyBVyJyKD83CxELCAw=="
        },
        "cordova-plugin-admob-free": {
            "version": "0.27.0",
            "resolved": "https://registry.npmjs.org/cordova-plugin-admob-free/-/cordova-plugin-admob-free-0.27.0.tgz",
            "integrity": "sha512-4QP89i3maFivk2GN8uAfaPDjwSAwvfrxkJu6pV1+ZJbPSAlp1OhNeXUbXXK8VXNNkoEWqLFQ2TCU1c09ybdATQ=="
        },
        "cordova-plugin-console": {
            "version": "1.1.0",
            "resolved": "https://registry.npmjs.org/cordova-plugin-console/-/cordova-plugin-console-1.1.0.tgz",
            "integrity": "sha1-4vusECkBeeRMtyxf28QQpTHBzW0="
        },
        "cordova-plugin-dialogs": {
            "version": "2.0.2",
            "resolved": "https://registry.npmjs.org/cordova-plugin-dialogs/-/cordova-plugin-dialogs-2.0.2.tgz",
            "integrity": "sha512-FUHI6eEVeoz2VkxbF0P56QlUQLGzXcvw3i4xuXyM9gEct6Y+FA3Xzgl2pJTZcTg5wRqLWzN08kgNoHPkom15pw=="
        },
        "cordova-plugin-insomnia": {
            "version": "4.3.0",
            "resolved": "https://registry.npmjs.org/cordova-plugin-insomnia/-/cordova-plugin-insomnia-4.3.0.tgz",
            "integrity": "sha1-gyoz9tdj8LgCc733YbNbZ4xDuVc="
        },
        "cordova-plugin-splashscreen": {
            "version": "6.0.0",
            "resolved": "https://registry.npmjs.org/cordova-plugin-splashscreen/-/cordova-plugin-splashscreen-6.0.0.tgz",
            "integrity": "sha512-pm4ZtJKQY4bCGXVeIInbGrXilryTevYSKgfvoQJpW9UClOWKAxSsYf2/4G2u1vcn492svOSL42OSa2MhujBWEQ=="
        },
        "cordova-plugin-statusbar": {
            "version": "2.4.3",
            "resolved": "https://registry.npmjs.org/cordova-plugin-statusbar/-/cordova-plugin-statusbar-2.4.3.tgz",
            "integrity": "sha512-ThmXzl6QIKWFXf4wWw7Q/zpB+VKkz3VM958+5A0sXD4jmR++u7KnGttLksXshVwWr6lvGwUebLYtIyXwS4Ovcg=="
        },
        "cordova-plugin-whitelist": {
            "version": "1.3.4",
            "resolved": "https://registry.npmjs.org/cordova-plugin-whitelist/-/cordova-plugin-whitelist-1.3.4.tgz",
            "integrity": "sha512-EYC5eQFVkoYXq39l7tYKE6lEjHJ04mvTmKXxGL7quHLdFPfJMNzru/UYpn92AOfpl3PQaZmou78C7EgmFOwFQQ=="
        },
        "cordova-plugin-x-socialsharing": {
            "version": "6.0.3",
            "resolved": "https://registry.npmjs.org/cordova-plugin-x-socialsharing/-/cordova-plugin-x-socialsharing-6.0.3.tgz",
            "integrity": "sha512-pnrE2CXsz4G0n0WoFDAasLS1VT3nIsNpddvXgfpiqX3wyOlSjO2NdF+sjYaTvs1B+f7z8EWbYCHpCrgBQiMLIg=="
        },
        "cordova-promise-polyfill": {
            "version": "0.0.2",
            "resolved": "https://registry.npmjs.org/cordova-promise-polyfill/-/cordova-promise-polyfill-0.0.2.tgz",
            "integrity": "sha1-a7epScVqfDGOf1VOYzjI+GPlBag="
        },
        "cordova-support-google-services": {
            "version": "1.4.1",
            "resolved": "https://registry.npmjs.org/cordova-support-google-services/-/cordova-support-google-services-1.4.1.tgz",
            "integrity": "sha512-1VgF9kFCOMbzgdnsDtSKaYGmWXmeciGP8+N0wTcTkL2m6Qrs1xZ82NiYEJYXe7BjHad2d06liWThqQv7iXt5HA=="
        },
        "cordova.plugins.diagnostic": {
            "version": "6.0.3",
            "resolved": "https://registry.npmjs.org/cordova.plugins.diagnostic/-/cordova.plugins.diagnostic-6.0.3.tgz",
            "integrity": "sha512-Pj3pPHYtZEVHQyDmDcUKI78arzcpmIod+5DnOAtVvAvOa5AErUlPou4/MPAv08cw/REYsJ8Siy6YIWkdMnMaFA==",
            "requires": {
                "colors": "^1.1.2",
                "elementtree": "^0.1.6",
                "minimist": "1.2.0"
            }
        },
        "elementtree": {
            "version": "0.1.7",
            "resolved": "https://registry.npmjs.org/elementtree/-/elementtree-0.1.7.tgz",
            "integrity": "sha1-mskb5uUvtuYkTE5UpKw+2K6OKcA=",
            "requires": {
                "sax": "1.1.4"
            }
        },
        "es6-promise-plugin": {
            "version": "4.2.2",
            "resolved": "https://registry.npmjs.org/es6-promise-plugin/-/es6-promise-plugin-4.2.2.tgz",
            "integrity": "sha512-uoA4aVplXI9oqUYJFBAVRwAqIN9/n9JgrTAUGX3qPbnSZVE5yY1+6/MsoN5f4xsaPO62WjPHOdtts6okMN6tNA=="
        },
        "install": {
            "version": "0.8.9",
            "resolved": "https://registry.npmjs.org/install/-/install-0.8.9.tgz",
            "integrity": "sha1-n0tcDRhR74cunfheT3Fi1OXc2+0="
        },
        "minimist": {
            "version": "1.2.0",
            "resolved": "https://registry.npmjs.org/minimist/-/minimist-1.2.0.tgz",
            "integrity": "sha1-o1AIsg9BOD7sH7kU9M1d95omQoQ="
        },
        "onesignal-cordova-plugin": {
            "version": "2.11.3",
            "resolved": "https://registry.npmjs.org/onesignal-cordova-plugin/-/onesignal-cordova-plugin-2.11.3.tgz",
            "integrity": "sha512-vWPmXR4qML06Fg785bg6SW3mOJImQteZKqEZqKBO5vC0cvtLQXofhTdUAOFAQRlBAUavZbEIXF7ZGFeQCA1ukA=="
        },
        "phonegap-plugin-multidex": {
            "version": "1.0.0",
            "resolved": "https://registry.npmjs.org/phonegap-plugin-multidex/-/phonegap-plugin-multidex-1.0.0.tgz",
            "integrity": "sha512-1wvc3iQOQpEBaQbXgLxA2JUiLSQ2azdF/bF29ghXDiQJWSpQ1BF8gSuqttM8WZoj081Ps8OKL0gYxdDBkFNPqA=="
        },
        "phonegap-plugin-push": {
            "version": "2.3.0",
            "resolved": "https://registry.npmjs.org/phonegap-plugin-push/-/phonegap-plugin-push-2.3.0.tgz",
            "integrity": "sha512-0R35BGVvvNzov3fckBspc7snwsIdClIBhI7jUCIa7AgSZy2Lrwm8kPuLTyzMVSNR3MJTxWX6s06aDlVL7EvQ3w==",
            "requires": {
                "install": "^0.8.2"
            }
        },
        "q": {
            "version": "1.5.1",
            "resolved": "https://registry.npmjs.org/q/-/q-1.5.1.tgz",
            "integrity": "sha1-fjL3W0E4EpHQRhHxvxQQmsAGUdc="
        },
        "sax": {
            "version": "1.1.4",
            "resolved": "https://registry.npmjs.org/sax/-/sax-1.1.4.tgz",
            "integrity": "sha1-dLbTPJrh4AFRDxeakRaFiPGu2qk="
        },
        "semver": {
            "version": "5.6.0",
            "resolved": "https://registry.npmjs.org/semver/-/semver-5.6.0.tgz",
            "integrity": "sha512-RS9R6R35NYgQn++fkDWaOmqGoj4Ek9gGs+DPxNUZKuwE183xjJroKvyo1IzVFeXvUrvmALy6FWD5xrdJT25gMg=="
        }
    }
}
